// !$*UTF8*$!
{
	archiveVersion = 1;
	classes = {
	};
	objectVersion = 56;
	objects = {

/* Begin PBXBuildFile section */
		B2A0009900000001000B0020 /* Secrets.plist in Resources */ = {isa = PBXBuildFile; fileRef = B2A0009900000001000B0001 /* Secrets.plist */; };
		A51F8DAB2C8513A500E93584 /* ElectionDeflectionApp.swift in Sources */ = {isa = PBXBuildFile; fileRef = A51F8DAA2C8513A500E93584 /* ElectionDeflectionApp.swift */; };
		A51F8DAD2C8513A500E93584 /* ContentView.swift in Sources */ = {isa = PBXBuildFile; fileRef = A51F8DAC2C8513A500E93584 /* ContentView.swift */; };
		A51F8DAF2C8513A700E93584 /* Assets.xcassets in Resources */ = {isa = PBXBuildFile; fileRef = A51F8DAE2C8513A700E93584 /* Assets.xcassets */; };
		A51F8DB32C8513A700E93584 /* Preview Assets.xcassets in Resources */ = {isa = PBXBuildFile; fileRef = A51F8DB22C8513A700E93584 /* Preview Assets.xcassets */; };
		A51F8DC02C85142500E93584 /* MessageFilterExtension.swift in Sources */ = {isa = PBXBuildFile; fileRef = A51F8DBF2C85142500E93584 /* MessageFilterExtension.swift */; };
		A51F8DC42C85142500E93584 /* ElectionDeflectionFilter.appex in Embed Foundation Extensions */ = {isa = PBXBuildFile; fileRef = A51F8DBD2C85142500E93584 /* ElectionDeflectionFilter.appex */; settings = {ATTRIBUTES = (RemoveHeadersOnCopy, ); }; };
		A51F8DCA2C85195B00E93584 /* OnboardingView.swift in Sources */ = {isa = PBXBuildFile; fileRef = A51F8DC92C85195B00E93584 /* OnboardingView.swift */; };
		B2A0000100000001000B0020 /* SharedConstants.swift in Sources */ = {isa = PBXBuildFile; fileRef = B2A0000100000001000B0001 /* SharedConstants.swift */; };
		B2A0000100000001000B0021 /* SharedConstants.swift in Sources */ = {isa = PBXBuildFile; fileRef = B2A0000100000001000B0001 /* SharedConstants.swift */; };
		B2A0000100000001000B0022 /* SharedDataManager.swift in Sources */ = {isa = PBXBuildFile; fileRef = B2A0000100000001000B0002 /* SharedDataManager.swift */; };
		B2A0000100000001000B0023 /* SharedDataManager.swift in Sources */ = {isa = PBXBuildFile; fileRef = B2A0000100000001000B0002 /* SharedDataManager.swift */; };
		B2A0000100000001000B0047 /* SharedDataManagerTests.swift in Sources */ = {isa = PBXBuildFile; fileRef = B2A0000100000001000B0046 /* SharedDataManagerTests.swift */; };
		B2A0000100000001000B0061 /* StoreKit.framework in Frameworks */ = {isa = PBXBuildFile; fileRef = B2A0000100000001000B0060 /* StoreKit.framework */; };
		B2A0000200000001000B0001 /* MessageFilterExtensionTests.swift in Sources */ = {isa = PBXBuildFile; fileRef = B2A0000200000001000B0002 /* MessageFilterExtensionTests.swift */; };
		B2A0000300000001000B0020 /* DefaultFilterData.swift in Sources */ = {isa = PBXBuildFile; fileRef = B2A0000300000001000B0001 /* DefaultFilterData.swift */; };
		B2A0000300000001000B0021 /* DefaultFilterData.swift in Sources */ = {isa = PBXBuildFile; fileRef = B2A0000300000001000B0001 /* DefaultFilterData.swift */; };
		B2A0000400000001000B0020 /* MainAppView.swift in Sources */ = {isa = PBXBuildFile; fileRef = B2A0000400000001000B0001 /* MainAppView.swift */; };
		B2A0000600000001000B0020 /* Color+Hex.swift in Sources */ = {isa = PBXBuildFile; fileRef = B2A0000600000001000B0001 /* Color+Hex.swift */; };
		B2A0000700000001000B0020 /* MLModelValidator.swift in Sources */ = {isa = PBXBuildFile; fileRef = B2A0000700000001000B0001 /* MLModelValidator.swift */; };
		B2A0000800000001000B0020 /* StoreKitService.swift in Sources */ = {isa = PBXBuildFile; fileRef = B2A0000800000001000B0001 /* StoreKitService.swift */; };
		B2A0000800000001000B0021 /* StoreKitServiceTests.swift in Sources */ = {isa = PBXBuildFile; fileRef = B2A0000800000001000B0002 /* StoreKitServiceTests.swift */; };
		B2A0000900000001000B0020 /* ProUpgradeView.swift in Sources */ = {isa = PBXBuildFile; fileRef = B2A0000900000001000B0001 /* ProUpgradeView.swift */; };
		B2A0000A00000001000B0020 /* SettingsView.swift in Sources */ = {isa = PBXBuildFile; fileRef = B2A0000A00000001000B0001 /* SettingsView.swift */; };
		B2A0000B00000001000B0020 /* AppIconManager.swift in Sources */ = {isa = PBXBuildFile; fileRef = B2A0000B00000001000B0001 /* AppIconManager.swift */; };
		B2A0000C00000001000B0020 /* AppIcon-Pro@2x.png in Resources */ = {isa = PBXBuildFile; fileRef = B2A0000C00000001000B0001 /* AppIcon-Pro@2x.png */; };
		B2A0000D00000001000B0020 /* AppIcon-Pro@3x.png in Resources */ = {isa = PBXBuildFile; fileRef = B2A0000D00000001000B0001 /* AppIcon-Pro@3x.png */; };
		B2A0000F00000001000B0020 /* UpgradeNotificationManager.swift in Sources */ = {isa = PBXBuildFile; fileRef = B2A0000F00000001000B0001 /* UpgradeNotificationManager.swift */; };
		B2A0001000000001000B0020 /* KeychainService.swift in Sources */ = {isa = PBXBuildFile; fileRef = B2A0001000000001000B0001 /* KeychainService.swift */; };
		B2A0001100000001000B0020 /* WelcomeV2View.swift in Sources */ = {isa = PBXBuildFile; fileRef = B2A0001100000001000B0001 /* WelcomeV2View.swift */; };
		B2A0001200000001000B0020 /* TextSubmissionService.swift in Sources */ = {isa = PBXBuildFile; fileRef = B2A0001200000001000B0001 /* TextSubmissionService.swift */; };
		B2A0001300000001000B0020 /* TextSubmissionView.swift in Sources */ = {isa = PBXBuildFile; fileRef = B2A0001300000001000B0001 /* TextSubmissionView.swift */; };
		B2A0001400000001000B0021 /* TextSubmissionServiceTests.swift in Sources */ = {isa = PBXBuildFile; fileRef = B2A0001400000001000B0002 /* TextSubmissionServiceTests.swift */; };
		B2A0001500000001000B0020 /* ReviewRequestManager.swift in Sources */ = {isa = PBXBuildFile; fileRef = B2A0001500000001000B0001 /* ReviewRequestManager.swift */; };
		B2A0001600000001000B0021 /* ReviewRequestManagerTests.swift in Sources */ = {isa = PBXBuildFile; fileRef = B2A0001600000001000B0002 /* ReviewRequestManagerTests.swift */; };
		B2A0008200000001000B0020 /* ShareViewController.swift in Sources */ = {isa = PBXBuildFile; fileRef = B2A0008200000001000B0002 /* ShareViewController.swift */; };
		B2A0008200000001000B0021 /* ShareExtensionView.swift in Sources */ = {isa = PBXBuildFile; fileRef = B2A0008200000001000B0003 /* ShareExtensionView.swift */; };
		B2A0008200000001000B0022 /* OCRService.swift in Sources */ = {isa = PBXBuildFile; fileRef = B2A0008200000001000B0004 /* OCRService.swift */; };
		B2A0008200000001000B0023 /* SharedConstants.swift in Sources */ = {isa = PBXBuildFile; fileRef = B2A0000100000001000B0001 /* SharedConstants.swift */; };
		B2A0008200000001000B0024 /* SharedDataManager.swift in Sources */ = {isa = PBXBuildFile; fileRef = B2A0000100000001000B0002 /* SharedDataManager.swift */; };
		B2A0008200000001000B0025 /* TextSubmissionService.swift in Sources */ = {isa = PBXBuildFile; fileRef = B2A0001200000001000B0001 /* TextSubmissionService.swift */; };
		B2A0008200000001000B0026 /* Color+Hex.swift in Sources */ = {isa = PBXBuildFile; fileRef = B2A0000600000001000B0001 /* Color+Hex.swift */; };
		B2A0008200000001000B0027 /* DefaultFilterData.swift in Sources */ = {isa = PBXBuildFile; fileRef = B2A0000300000001000B0001 /* DefaultFilterData.swift */; };
		B2A0008200000001000B0028 /* OCRServiceTests.swift in Sources */ = {isa = PBXBuildFile; fileRef = B2A0008200000001000B0007 /* OCRServiceTests.swift */; };
		B2A0008200000001000B0029 /* OCRService.swift in Sources */ = {isa = PBXBuildFile; fileRef = B2A0008200000001000B0004 /* OCRService.swift */; };
		B2A0008200000001000B0030 /* ElectionDeflectionShare.appex in Embed Foundation Extensions */ = {isa = PBXBuildFile; fileRef = B2A0008200000001000B0001 /* ElectionDeflectionShare.appex */; settings = {ATTRIBUTES = (RemoveHeadersOnCopy, ); }; };
/* End PBXBuildFile section */

/* Begin PBXContainerItemProxy section */
		A51F8DC22C85142500E93584 /* PBXContainerItemProxy */ = {
			isa = PBXContainerItemProxy;
			containerPortal = A51F8D9F2C8513A400E93584 /* Project object */;
			proxyType = 1;
			remoteGlobalIDString = A51F8DBC2C85142500E93584;
			remoteInfo = ElectionDeflectionFilter;
		};
		B2A0000100000001000B004B /* PBXContainerItemProxy */ = {
			isa = PBXContainerItemProxy;
			containerPortal = A51F8D9F2C8513A400E93584 /* Project object */;
			proxyType = 1;
			remoteGlobalIDString = A51F8DA62C8513A500E93584;
			remoteInfo = ElectionDeflection;
		};
		B2A0008200000001000B0060 /* PBXContainerItemProxy */ = {
			isa = PBXContainerItemProxy;
			containerPortal = A51F8D9F2C8513A400E93584 /* Project object */;
			proxyType = 1;
			remoteGlobalIDString = B2A0008200000001000B0050;
			remoteInfo = ElectionDeflectionShare;
		};
/* End PBXContainerItemProxy section */

/* Begin PBXCopyFilesBuildPhase section */
		A51F8DC82C85142500E93584 /* Embed Foundation Extensions */ = {
			isa = PBXCopyFilesBuildPhase;
			buildActionMask = 2147483647;
			dstPath = "";
			dstSubfolderSpec = 13;
			files = (
				A51F8DC42C85142500E93584 /* ElectionDeflectionFilter.appex in Embed Foundation Extensions */,
				B2A0008200000001000B0030 /* ElectionDeflectionShare.appex in Embed Foundation Extensions */,
			);
			name = "Embed Foundation Extensions";
			runOnlyForDeploymentPostprocessing = 0;
		};
/* End PBXCopyFilesBuildPhase section */

/* Begin PBXFileReference section */
		B2A0009900000001000B0001 /* Secrets.plist */ = {isa = PBXFileReference; lastKnownFileType = text.plist.xml; path = Secrets.plist; sourceTree = "<group>"; };
		A51F8DA72C8513A500E93584 /* ElectionDeflection.app */ = {isa = PBXFileReference; explicitFileType = wrapper.application; includeInIndex = 0; path = ElectionDeflection.app; sourceTree = BUILT_PRODUCTS_DIR; };
		A51F8DAA2C8513A500E93584 /* ElectionDeflectionApp.swift */ = {isa = PBXFileReference; lastKnownFileType = sourcecode.swift; path = ElectionDeflectionApp.swift; sourceTree = "<group>"; };
		A51F8DAC2C8513A500E93584 /* ContentView.swift */ = {isa = PBXFileReference; lastKnownFileType = sourcecode.swift; path = ContentView.swift; sourceTree = "<group>"; };
		A51F8DAE2C8513A700E93584 /* Assets.xcassets */ = {isa = PBXFileReference; lastKnownFileType = folder.assetcatalog; path = Assets.xcassets; sourceTree = "<group>"; };
		A51F8DB02C8513A700E93584 /* ElectionDeflection.entitlements */ = {isa = PBXFileReference; lastKnownFileType = text.plist.entitlements; path = ElectionDeflection.entitlements; sourceTree = "<group>"; };
		A51F8DB22C8513A700E93584 /* Preview Assets.xcassets */ = {isa = PBXFileReference; lastKnownFileType = folder.assetcatalog; path = "Preview Assets.xcassets"; sourceTree = "<group>"; };
		A51F8DBD2C85142500E93584 /* ElectionDeflectionFilter.appex */ = {isa = PBXFileReference; explicitFileType = "wrapper.app-extension"; includeInIndex = 0; path = ElectionDeflectionFilter.appex; sourceTree = BUILT_PRODUCTS_DIR; };
		A51F8DBF2C85142500E93584 /* MessageFilterExtension.swift */ = {isa = PBXFileReference; lastKnownFileType = sourcecode.swift; path = MessageFilterExtension.swift; sourceTree = "<group>"; };
		A51F8DC12C85142500E93584 /* Info.plist */ = {isa = PBXFileReference; lastKnownFileType = text.plist.xml; path = Info.plist; sourceTree = "<group>"; };
		A51F8DC92C85195B00E93584 /* OnboardingView.swift */ = {isa = PBXFileReference; lastKnownFileType = sourcecode.swift; path = OnboardingView.swift; sourceTree = "<group>"; };
		A51F8DF22C853DC600E93584 /* ElectionDeflectionFilter.entitlements */ = {isa = PBXFileReference; lastKnownFileType = text.plist.entitlements; path = ElectionDeflectionFilter.entitlements; sourceTree = "<group>"; };
		B2A0000100000001000B0001 /* SharedConstants.swift */ = {isa = PBXFileReference; lastKnownFileType = sourcecode.swift; path = SharedConstants.swift; sourceTree = "<group>"; };
		B2A0000100000001000B0002 /* SharedDataManager.swift */ = {isa = PBXFileReference; lastKnownFileType = sourcecode.swift; path = SharedDataManager.swift; sourceTree = "<group>"; };
		B2A0000100000001000B0040 /* ElectionDeflectionTests.xctest */ = {isa = PBXFileReference; explicitFileType = wrapper.cfbundle; includeInIndex = 0; path = ElectionDeflectionTests.xctest; sourceTree = BUILT_PRODUCTS_DIR; };
		B2A0000100000001000B0046 /* SharedDataManagerTests.swift */ = {isa = PBXFileReference; lastKnownFileType = sourcecode.swift; path = SharedDataManagerTests.swift; sourceTree = "<group>"; };
		B2A0000100000001000B0060 /* StoreKit.framework */ = {isa = PBXFileReference; lastKnownFileType = wrapper.framework; name = StoreKit.framework; path = System/Library/Frameworks/StoreKit.framework; sourceTree = SDKROOT; };
		B2A0000200000001000B0002 /* MessageFilterExtensionTests.swift */ = {isa = PBXFileReference; lastKnownFileType = sourcecode.swift; path = MessageFilterExtensionTests.swift; sourceTree = "<group>"; };
		B2A0000300000001000B0001 /* DefaultFilterData.swift */ = {isa = PBXFileReference; lastKnownFileType = sourcecode.swift; path = DefaultFilterData.swift; sourceTree = "<group>"; };
		B2A0000400000001000B0001 /* MainAppView.swift */ = {isa = PBXFileReference; lastKnownFileType = sourcecode.swift; path = MainAppView.swift; sourceTree = "<group>"; };
		B2A0000600000001000B0001 /* Color+Hex.swift */ = {isa = PBXFileReference; lastKnownFileType = sourcecode.swift; path = "Color+Hex.swift"; sourceTree = "<group>"; };
		B2A0000700000001000B0001 /* MLModelValidator.swift */ = {isa = PBXFileReference; lastKnownFileType = sourcecode.swift; path = MLModelValidator.swift; sourceTree = "<group>"; };
		B2A0000800000001000B0001 /* StoreKitService.swift */ = {isa = PBXFileReference; lastKnownFileType = sourcecode.swift; path = StoreKitService.swift; sourceTree = "<group>"; };
		B2A0000800000001000B0002 /* StoreKitServiceTests.swift */ = {isa = PBXFileReference; lastKnownFileType = sourcecode.swift; path = StoreKitServiceTests.swift; sourceTree = "<group>"; };
		B2A0000900000001000B0001 /* ProUpgradeView.swift */ = {isa = PBXFileReference; lastKnownFileType = sourcecode.swift; path = ProUpgradeView.swift; sourceTree = "<group>"; };
		B2A0000A00000001000B0001 /* SettingsView.swift */ = {isa = PBXFileReference; lastKnownFileType = sourcecode.swift; path = SettingsView.swift; sourceTree = "<group>"; };
		B2A0000B00000001000B0001 /* AppIconManager.swift */ = {isa = PBXFileReference; lastKnownFileType = sourcecode.swift; path = AppIconManager.swift; sourceTree = "<group>"; };
		B2A0000C00000001000B0001 /* AppIcon-Pro@2x.png */ = {isa = PBXFileReference; lastKnownFileType = image.png; path = "AppIcon-Pro@2x.png"; sourceTree = "<group>"; };
		B2A0000D00000001000B0001 /* AppIcon-Pro@3x.png */ = {isa = PBXFileReference; lastKnownFileType = image.png; path = "AppIcon-Pro@3x.png"; sourceTree = "<group>"; };
		B2A0000E00000001000B0001 /* Info.plist */ = {isa = PBXFileReference; lastKnownFileType = text.plist.xml; path = Info.plist; sourceTree = "<group>"; };
		B2A0000F00000001000B0001 /* UpgradeNotificationManager.swift */ = {isa = PBXFileReference; lastKnownFileType = sourcecode.swift; path = UpgradeNotificationManager.swift; sourceTree = "<group>"; };
		B2A0001000000001000B0001 /* KeychainService.swift */ = {isa = PBXFileReference; lastKnownFileType = sourcecode.swift; path = KeychainService.swift; sourceTree = "<group>"; };
		B2A0001100000001000B0001 /* WelcomeV2View.swift */ = {isa = PBXFileReference; lastKnownFileType = sourcecode.swift; path = WelcomeV2View.swift; sourceTree = "<group>"; };
		B2A0001200000001000B0001 /* TextSubmissionService.swift */ = {isa = PBXFileReference; lastKnownFileType = sourcecode.swift; path = TextSubmissionService.swift; sourceTree = "<group>"; };
		B2A0001300000001000B0001 /* TextSubmissionView.swift */ = {isa = PBXFileReference; lastKnownFileType = sourcecode.swift; path = TextSubmissionView.swift; sourceTree = "<group>"; };
		B2A0001400000001000B0002 /* TextSubmissionServiceTests.swift */ = {isa = PBXFileReference; lastKnownFileType = sourcecode.swift; path = TextSubmissionServiceTests.swift; sourceTree = "<group>"; };
		B2A0001500000001000B0001 /* ReviewRequestManager.swift */ = {isa = PBXFileReference; lastKnownFileType = sourcecode.swift; path = ReviewRequestManager.swift; sourceTree = "<group>"; };
		B2A0001600000001000B0002 /* ReviewRequestManagerTests.swift */ = {isa = PBXFileReference; lastKnownFileType = sourcecode.swift; path = ReviewRequestManagerTests.swift; sourceTree = "<group>"; };
		B2A0008200000001000B0001 /* ElectionDeflectionShare.appex */ = {isa = PBXFileReference; explicitFileType = "wrapper.app-extension"; includeInIndex = 0; path = ElectionDeflectionShare.appex; sourceTree = BUILT_PRODUCTS_DIR; };
		B2A0008200000001000B0002 /* ShareViewController.swift */ = {isa = PBXFileReference; lastKnownFileType = sourcecode.swift; path = ShareViewController.swift; sourceTree = "<group>"; };
		B2A0008200000001000B0003 /* ShareExtensionView.swift */ = {isa = PBXFileReference; lastKnownFileType = sourcecode.swift; path = ShareExtensionView.swift; sourceTree = "<group>"; };
		B2A0008200000001000B0004 /* OCRService.swift */ = {isa = PBXFileReference; lastKnownFileType = sourcecode.swift; path = OCRService.swift; sourceTree = "<group>"; };
		B2A0008200000001000B0005 /* ElectionDeflectionShare.entitlements */ = {isa = PBXFileReference; lastKnownFileType = text.plist.entitlements; path = ElectionDeflectionShare.entitlements; sourceTree = "<group>"; };
		B2A0008200000001000B0006 /* Info.plist */ = {isa = PBXFileReference; lastKnownFileType = text.plist.xml; path = Info.plist; sourceTree = "<group>"; };
		B2A0008200000001000B0007 /* OCRServiceTests.swift */ = {isa = PBXFileReference; lastKnownFileType = sourcecode.swift; path = OCRServiceTests.swift; sourceTree = "<group>"; };
/* End PBXFileReference section */

/* Begin PBXFrameworksBuildPhase section */
		A51F8DA42C8513A500E93584 /* Frameworks */ = {
			isa = PBXFrameworksBuildPhase;
			buildActionMask = 2147483647;
			files = (
				B2A0000100000001000B0061 /* StoreKit.framework in Frameworks */,
			);
			runOnlyForDeploymentPostprocessing = 0;
		};
		A51F8DBA2C85142500E93584 /* Frameworks */ = {
			isa = PBXFrameworksBuildPhase;
			buildActionMask = 2147483647;
			files = (
			);
			runOnlyForDeploymentPostprocessing = 0;
		};
		B2A0000100000001000B0043 /* Frameworks */ = {
			isa = PBXFrameworksBuildPhase;
			buildActionMask = 2147483647;
			files = (
			);
			runOnlyForDeploymentPostprocessing = 0;
		};
		B2A0008200000001000B0041 /* Frameworks */ = {
			isa = PBXFrameworksBuildPhase;
			buildActionMask = 2147483647;
			files = (
			);
			runOnlyForDeploymentPostprocessing = 0;
		};
/* End PBXFrameworksBuildPhase section */

/* Begin PBXGroup section */
		A51F8D9E2C8513A400E93584 = {
			isa = PBXGroup;
			children = (
				A51F8DA92C8513A500E93584 /* ElectionDeflection */,
				B2A0000100000001000B0013 /* Shared */,
				A51F8DBE2C85142500E93584 /* ElectionDeflectionFilter */,
				B2A0008200000001000B0010 /* ElectionDeflectionShare */,
				B2A0000100000001000B0014 /* ElectionDeflectionTests */,
				B2A0000100000001000B0062 /* Frameworks */,
				A51F8DA82C8513A500E93584 /* Products */,
			);
			sourceTree = "<group>";
		};
		A51F8DA82C8513A500E93584 /* Products */ = {
			isa = PBXGroup;
			children = (
				A51F8DA72C8513A500E93584 /* ElectionDeflection.app */,
				A51F8DBD2C85142500E93584 /* ElectionDeflectionFilter.appex */,
				B2A0008200000001000B0001 /* ElectionDeflectionShare.appex */,
				B2A0000100000001000B0040 /* ElectionDeflectionTests.xctest */,
			);
			name = Products;
			sourceTree = "<group>";
		};
		A51F8DA92C8513A500E93584 /* ElectionDeflection */ = {
			isa = PBXGroup;
			children = (
				A51F8DAA2C8513A500E93584 /* ElectionDeflectionApp.swift */,
				B2A0000700000001000B0001 /* MLModelValidator.swift */,
				B2A0000100000001000B0010 /* Views */,
				B2A0000600000001000B0010 /* Extensions */,
				B2A0000100000001000B0011 /* Models */,
				B2A0000100000001000B0012 /* Services */,
				A51F8DAE2C8513A700E93584 /* Assets.xcassets */,
				A51F8DB02C8513A700E93584 /* ElectionDeflection.entitlements */,
				B2A0000E00000001000B0001 /* Info.plist */,
				B2A0009900000001000B0001 /* Secrets.plist */,
				B2A0000C00000001000B0001 /* AppIcon-Pro@2x.png */,
				B2A0000D00000001000B0001 /* AppIcon-Pro@3x.png */,
				A51F8DB12C8513A700E93584 /* Preview Content */,
			);
			path = ElectionDeflection;
			sourceTree = "<group>";
		};
		A51F8DB12C8513A700E93584 /* Preview Content */ = {
			isa = PBXGroup;
			children = (
				A51F8DB22C8513A700E93584 /* Preview Assets.xcassets */,
			);
			path = "Preview Content";
			sourceTree = "<group>";
		};
		A51F8DBE2C85142500E93584 /* ElectionDeflectionFilter */ = {
			isa = PBXGroup;
			children = (
				A51F8DF22C853DC600E93584 /* ElectionDeflectionFilter.entitlements */,
				A51F8DBF2C85142500E93584 /* MessageFilterExtension.swift */,
				A51F8DC12C85142500E93584 /* Info.plist */,
			);
			path = ElectionDeflectionFilter;
			sourceTree = "<group>";
		};
		B2A0000100000001000B0010 /* Views */ = {
			isa = PBXGroup;
			children = (
				A51F8DAC2C8513A500E93584 /* ContentView.swift */,
				B2A0000400000001000B0001 /* MainAppView.swift */,
				A51F8DC92C85195B00E93584 /* OnboardingView.swift */,
				B2A0000900000001000B0001 /* ProUpgradeView.swift */,
				B2A0000A00000001000B0001 /* SettingsView.swift */,
				B2A0001300000001000B0001 /* TextSubmissionView.swift */,
				B2A0001100000001000B0001 /* WelcomeV2View.swift */,
			);
			path = Views;
			sourceTree = "<group>";
		};
		B2A0000100000001000B0011 /* Models */ = {
			isa = PBXGroup;
			children = (
			);
			path = Models;
			sourceTree = "<group>";
		};
		B2A0000100000001000B0012 /* Services */ = {
			isa = PBXGroup;
			children = (
				B2A0000B00000001000B0001 /* AppIconManager.swift */,
				B2A0001000000001000B0001 /* KeychainService.swift */,
				B2A0001200000001000B0001 /* TextSubmissionService.swift */,
				B2A0000F00000001000B0001 /* UpgradeNotificationManager.swift */,
				B2A0001500000001000B0001 /* ReviewRequestManager.swift */,
				B2A0000800000001000B0001 /* StoreKitService.swift */,
			);
			path = Services;
			sourceTree = "<group>";
		};
		B2A0000100000001000B0013 /* Shared */ = {
			isa = PBXGroup;
			children = (
				B2A0000300000001000B0001 /* DefaultFilterData.swift */,
				B2A0000100000001000B0001 /* SharedConstants.swift */,
				B2A0000100000001000B0002 /* SharedDataManager.swift */,
			);
			path = Shared;
			sourceTree = "<group>";
		};
		B2A0000100000001000B0014 /* ElectionDeflectionTests */ = {
			isa = PBXGroup;
			children = (
				B2A0000100000001000B0046 /* SharedDataManagerTests.swift */,
				B2A0000200000001000B0002 /* MessageFilterExtensionTests.swift */,
				B2A0000800000001000B0002 /* StoreKitServiceTests.swift */,
				B2A0001400000001000B0002 /* TextSubmissionServiceTests.swift */,
				B2A0001600000001000B0002 /* ReviewRequestManagerTests.swift */,
				B2A0008200000001000B0007 /* OCRServiceTests.swift */,
			);
			path = ElectionDeflectionTests;
			sourceTree = "<group>";
		};
		B2A0000100000001000B0062 /* Frameworks */ = {
			isa = PBXGroup;
			children = (
				B2A0000100000001000B0060 /* StoreKit.framework */,
			);
			name = Frameworks;
			sourceTree = "<group>";
		};
		B2A0008200000001000B0010 /* ElectionDeflectionShare */ = {
			isa = PBXGroup;
			children = (
				B2A0008200000001000B0005 /* ElectionDeflectionShare.entitlements */,
				B2A0008200000001000B0002 /* ShareViewController.swift */,
				B2A0008200000001000B0003 /* ShareExtensionView.swift */,
				B2A0008200000001000B0004 /* OCRService.swift */,
				B2A0008200000001000B0006 /* Info.plist */,
			);
			path = ElectionDeflectionShare;
			sourceTree = "<group>";
		};
		B2A0000600000001000B0010 /* Extensions */ = {
			isa = PBXGroup;
			children = (
				B2A0000600000001000B0001 /* Color+Hex.swift */,
			);
			path = Extensions;
			sourceTree = "<group>";
		};
/* End PBXGroup section */

/* Begin PBXNativeTarget section */
		A51F8DA62C8513A500E93584 /* ElectionDeflection */ = {
			isa = PBXNativeTarget;
			buildConfigurationList = A51F8DB62C8513A700E93584 /* Build configuration list for PBXNativeTarget "ElectionDeflection" */;
			buildPhases = (
				A51F8DA32C8513A500E93584 /* Sources */,
				A51F8DA42C8513A500E93584 /* Frameworks */,
				A51F8DA52C8513A500E93584 /* Resources */,
				A51F8DC82C85142500E93584 /* Embed Foundation Extensions */,
			);
			buildRules = (
			);
			dependencies = (
				A51F8DC32C85142500E93584 /* PBXTargetDependency */,
				B2A0008200000001000B0061 /* PBXTargetDependency */,
			);
			name = ElectionDeflection;
			productName = ElectionDeflection;
			productReference = A51F8DA72C8513A500E93584 /* ElectionDeflection.app */;
			productType = "com.apple.product-type.application";
		};
		A51F8DBC2C85142500E93584 /* ElectionDeflectionFilter */ = {
			isa = PBXNativeTarget;
			buildConfigurationList = A51F8DC52C85142500E93584 /* Build configuration list for PBXNativeTarget "ElectionDeflectionFilter" */;
			buildPhases = (
				A51F8DB92C85142500E93584 /* Sources */,
				A51F8DBA2C85142500E93584 /* Frameworks */,
				A51F8DBB2C85142500E93584 /* Resources */,
			);
			buildRules = (
			);
			dependencies = (
			);
			name = ElectionDeflectionFilter;
			productName = ElectionDeflectionFilter;
			productReference = A51F8DBD2C85142500E93584 /* ElectionDeflectionFilter.appex */;
			productType = "com.apple.product-type.app-extension";
		};
		B2A0000100000001000B0041 /* ElectionDeflectionTests */ = {
			isa = PBXNativeTarget;
			buildConfigurationList = B2A0000100000001000B004A /* Build configuration list for PBXNativeTarget "ElectionDeflectionTests" */;
			buildPhases = (
				B2A0000100000001000B0042 /* Sources */,
				B2A0000100000001000B0043 /* Frameworks */,
				B2A0000100000001000B0044 /* Resources */,
			);
			buildRules = (
			);
			dependencies = (
				B2A0000100000001000B004C /* PBXTargetDependency */,
			);
			name = ElectionDeflectionTests;
			productName = ElectionDeflectionTests;
			productReference = B2A0000100000001000B0040 /* ElectionDeflectionTests.xctest */;
			productType = "com.apple.product-type.bundle.unit-test";
		};
		B2A0008200000001000B0050 /* ElectionDeflectionShare */ = {
			isa = PBXNativeTarget;
			buildConfigurationList = B2A0008200000001000B0080 /* Build configuration list for PBXNativeTarget "ElectionDeflectionShare" */;
			buildPhases = (
				B2A0008200000001000B0040 /* Sources */,
				B2A0008200000001000B0041 /* Frameworks */,
				B2A0008200000001000B0042 /* Resources */,
			);
			buildRules = (
			);
			dependencies = (
			);
			name = ElectionDeflectionShare;
			productName = ElectionDeflectionShare;
			productReference = B2A0008200000001000B0001 /* ElectionDeflectionShare.appex */;
			productType = "com.apple.product-type.app-extension";
		};
/* End PBXNativeTarget section */

/* Begin PBXProject section */
		A51F8D9F2C8513A400E93584 /* Project object */ = {
			isa = PBXProject;
			attributes = {
				BuildIndependentTargetsInParallel = 1;
				LastSwiftUpdateCheck = 1540;
				LastUpgradeCheck = 2620;
				TargetAttributes = {
					A51F8DA62C8513A500E93584 = {
						CreatedOnToolsVersion = 15.4;
						SystemCapabilities = {
							com.apple.InAppPurchase = {
								enabled = 1;
							};
						};
					};
					A51F8DBC2C85142500E93584 = {
						CreatedOnToolsVersion = 15.4;
					};
					B2A0008200000001000B0050 = {
						CreatedOnToolsVersion = 15.4;
					};
					B2A0000100000001000B0041 = {
						CreatedOnToolsVersion = 15.4;
						TestTargetID = A51F8DA62C8513A500E93584;
					};
				};
			};
			buildConfigurationList = A51F8DA22C8513A400E93584 /* Build configuration list for PBXProject "ElectionDeflection" */;
			compatibilityVersion = "Xcode 14.0";
			developmentRegion = en;
			hasScannedForEncodings = 0;
			knownRegions = (
				en,
				Base,
			);
			mainGroup = A51F8D9E2C8513A400E93584;
			productRefGroup = A51F8DA82C8513A500E93584 /* Products */;
			projectDirPath = "";
			projectRoot = "";
			targets = (
				A51F8DA62C8513A500E93584 /* ElectionDeflection */,
				A51F8DBC2C85142500E93584 /* ElectionDeflectionFilter */,
				B2A0008200000001000B0050 /* ElectionDeflectionShare */,
				B2A0000100000001000B0041 /* ElectionDeflectionTests */,
			);
		};
/* End PBXProject section */

/* Begin PBXResourcesBuildPhase section */
		A51F8DA52C8513A500E93584 /* Resources */ = {
			isa = PBXResourcesBuildPhase;
			buildActionMask = 2147483647;
			files = (
				A51F8DB32C8513A700E93584 /* Preview Assets.xcassets in Resources */,
				A51F8DAF2C8513A700E93584 /* Assets.xcassets in Resources */,
				B2A0000C00000001000B0020 /* AppIcon-Pro@2x.png in Resources */,
				B2A0000D00000001000B0020 /* AppIcon-Pro@3x.png in Resources */,
				B2A0009900000001000B0020 /* Secrets.plist in Resources */,
			);
			runOnlyForDeploymentPostprocessing = 0;
		};
		A51F8DBB2C85142500E93584 /* Resources */ = {
			isa = PBXResourcesBuildPhase;
			buildActionMask = 2147483647;
			files = (
			);
			runOnlyForDeploymentPostprocessing = 0;
		};
		B2A0000100000001000B0044 /* Resources */ = {
			isa = PBXResourcesBuildPhase;
			buildActionMask = 2147483647;
			files = (
			);
			runOnlyForDeploymentPostprocessing = 0;
		};
		B2A0008200000001000B0042 /* Resources */ = {
			isa = PBXResourcesBuildPhase;
			buildActionMask = 2147483647;
			files = (
			);
			runOnlyForDeploymentPostprocessing = 0;
		};
/* End PBXResourcesBuildPhase section */

/* Begin PBXSourcesBuildPhase section */
		A51F8DA32C8513A500E93584 /* Sources */ = {
			isa = PBXSourcesBuildPhase;
			buildActionMask = 2147483647;
			files = (
				A51F8DCA2C85195B00E93584 /* OnboardingView.swift in Sources */,
				A51F8DAD2C8513A500E93584 /* ContentView.swift in Sources */,
				A51F8DAB2C8513A500E93584 /* ElectionDeflectionApp.swift in Sources */,
				B2A0000100000001000B0020 /* SharedConstants.swift in Sources */,
				B2A0000100000001000B0022 /* SharedDataManager.swift in Sources */,
				B2A0000300000001000B0020 /* DefaultFilterData.swift in Sources */,
				B2A0000400000001000B0020 /* MainAppView.swift in Sources */,
				B2A0000600000001000B0020 /* Color+Hex.swift in Sources */,
				B2A0000700000001000B0020 /* MLModelValidator.swift in Sources */,
				B2A0000800000001000B0020 /* StoreKitService.swift in Sources */,
				B2A0000900000001000B0020 /* ProUpgradeView.swift in Sources */,
				B2A0000A00000001000B0020 /* SettingsView.swift in Sources */,
				B2A0000B00000001000B0020 /* AppIconManager.swift in Sources */,
				B2A0000F00000001000B0020 /* UpgradeNotificationManager.swift in Sources */,
				B2A0001000000001000B0020 /* KeychainService.swift in Sources */,
				B2A0001100000001000B0020 /* WelcomeV2View.swift in Sources */,
				B2A0001200000001000B0020 /* TextSubmissionService.swift in Sources */,
				B2A0001300000001000B0020 /* TextSubmissionView.swift in Sources */,
				B2A0001500000001000B0020 /* ReviewRequestManager.swift in Sources */,
			);
			runOnlyForDeploymentPostprocessing = 0;
		};
		A51F8DB92C85142500E93584 /* Sources */ = {
			isa = PBXSourcesBuildPhase;
			buildActionMask = 2147483647;
			files = (
				A51F8DC02C85142500E93584 /* MessageFilterExtension.swift in Sources */,
				B2A0000100000001000B0021 /* SharedConstants.swift in Sources */,
				B2A0000100000001000B0023 /* SharedDataManager.swift in Sources */,
				B2A0000300000001000B0021 /* DefaultFilterData.swift in Sources */,
			);
			runOnlyForDeploymentPostprocessing = 0;
		};
		B2A0000100000001000B0042 /* Sources */ = {
			isa = PBXSourcesBuildPhase;
			buildActionMask = 2147483647;
			files = (
				B2A0000100000001000B0047 /* SharedDataManagerTests.swift in Sources */,
				B2A0000200000001000B0001 /* MessageFilterExtensionTests.swift in Sources */,
				B2A0000800000001000B0021 /* StoreKitServiceTests.swift in Sources */,
				B2A0001400000001000B0021 /* TextSubmissionServiceTests.swift in Sources */,
				B2A0001600000001000B0021 /* ReviewRequestManagerTests.swift in Sources */,
				B2A0008200000001000B0028 /* OCRServiceTests.swift in Sources */,
				B2A0008200000001000B0029 /* OCRService.swift in Sources */,
			);
			runOnlyForDeploymentPostprocessing = 0;
		};
		B2A0008200000001000B0040 /* Sources */ = {
			isa = PBXSourcesBuildPhase;
			buildActionMask = 2147483647;
			files = (
				B2A0008200000001000B0020 /* ShareViewController.swift in Sources */,
				B2A0008200000001000B0021 /* ShareExtensionView.swift in Sources */,
				B2A0008200000001000B0022 /* OCRService.swift in Sources */,
				B2A0008200000001000B0023 /* SharedConstants.swift in Sources */,
				B2A0008200000001000B0024 /* SharedDataManager.swift in Sources */,
				B2A0008200000001000B0025 /* TextSubmissionService.swift in Sources */,
				B2A0008200000001000B0026 /* Color+Hex.swift in Sources */,
				B2A0008200000001000B0027 /* DefaultFilterData.swift in Sources */,
			);
			runOnlyForDeploymentPostprocessing = 0;
		};
/* End PBXSourcesBuildPhase section */

/* Begin PBXTargetDependency section */
		A51F8DC32C85142500E93584 /* PBXTargetDependency */ = {
			isa = PBXTargetDependency;
			target = A51F8DBC2C85142500E93584 /* ElectionDeflectionFilter */;
			targetProxy = A51F8DC22C85142500E93584 /* PBXContainerItemProxy */;
		};
		B2A0000100000001000B004C /* PBXTargetDependency */ = {
			isa = PBXTargetDependency;
			target = A51F8DA62C8513A500E93584 /* ElectionDeflection */;
			targetProxy = B2A0000100000001000B004B /* PBXContainerItemProxy */;
		};
		B2A0008200000001000B0061 /* PBXTargetDependency */ = {
			isa = PBXTargetDependency;
			target = B2A0008200000001000B0050 /* ElectionDeflectionShare */;
			targetProxy = B2A0008200000001000B0060 /* PBXContainerItemProxy */;
		};
/* End PBXTargetDependency section */

/* Begin XCBuildConfiguration section */
		A51F8DB42C8513A700E93584 /* Debug */ = {
			isa = XCBuildConfiguration;
			buildSettings = {
				ALWAYS_SEARCH_USER_PATHS = NO;
				ASSETCATALOG_COMPILER_GENERATE_SWIFT_ASSET_SYMBOL_EXTENSIONS = YES;
				CLANG_ANALYZER_NONNULL = YES;
				CLANG_ANALYZER_NUMBER_OBJECT_CONVERSION = YES_AGGRESSIVE;
				CLANG_CXX_LANGUAGE_STANDARD = "gnu++20";
				CLANG_ENABLE_MODULES = YES;
				CLANG_ENABLE_OBJC_ARC = YES;
				CLANG_ENABLE_OBJC_WEAK = YES;
				CLANG_WARN_BLOCK_CAPTURE_AUTORELEASING = YES;
				CLANG_WARN_BOOL_CONVERSION = YES;
				CLANG_WARN_COMMA = YES;
				CLANG_WARN_CONSTANT_CONVERSION = YES;
				CLANG_WARN_DEPRECATED_OBJC_IMPLEMENTATIONS = YES;
				CLANG_WARN_DIRECT_OBJC_ISA_USAGE = YES_ERROR;
				CLANG_WARN_DOCUMENTATION_COMMENTS = YES;
				CLANG_WARN_EMPTY_BODY = YES;
				CLANG_WARN_ENUM_CONVERSION = YES;
				CLANG_WARN_INFINITE_RECURSION = YES;
				CLANG_WARN_INT_CONVERSION = YES;
				CLANG_WARN_NON_LITERAL_NULL_CONVERSION = YES;
				CLANG_WARN_OBJC_IMPLICIT_RETAIN_SELF = YES;
				CLANG_WARN_OBJC_LITERAL_CONVERSION = YES;
				CLANG_WARN_OBJC_ROOT_CLASS = YES_ERROR;
				CLANG_WARN_QUOTED_INCLUDE_IN_FRAMEWORK_HEADER = YES;
				CLANG_WARN_RANGE_LOOP_ANALYSIS = YES;
				CLANG_WARN_STRICT_PROTOTYPES = YES;
				CLANG_WARN_SUSPICIOUS_MOVE = YES;
				CLANG_WARN_UNGUARDED_AVAILABILITY = YES_AGGRESSIVE;
				CLANG_WARN_UNREACHABLE_CODE = YES;
				CLANG_WARN__DUPLICATE_METHOD_MATCH = YES;
				COPY_PHASE_STRIP = NO;
				DEAD_CODE_STRIPPING = YES;
				DEBUG_INFORMATION_FORMAT = dwarf;
				DEVELOPMENT_TEAM = M966FGB957;
				ENABLE_STRICT_OBJC_MSGSEND = YES;
				ENABLE_TESTABILITY = YES;
				ENABLE_USER_SCRIPT_SANDBOXING = YES;
				GCC_C_LANGUAGE_STANDARD = gnu17;
				GCC_DYNAMIC_NO_PIC = NO;
				GCC_NO_COMMON_BLOCKS = YES;
				GCC_OPTIMIZATION_LEVEL = 0;
				GCC_PREPROCESSOR_DEFINITIONS = (
					"DEBUG=1",
					"$(inherited)",
				);
				GCC_WARN_64_TO_32_BIT_CONVERSION = YES;
				GCC_WARN_ABOUT_RETURN_TYPE = YES_ERROR;
				GCC_WARN_UNDECLARED_SELECTOR = YES;
				GCC_WARN_UNINITIALIZED_AUTOS = YES_AGGRESSIVE;
				GCC_WARN_UNUSED_FUNCTION = YES;
				GCC_WARN_UNUSED_VARIABLE = YES;
				IPHONEOS_DEPLOYMENT_TARGET = 16.0;
				LOCALIZATION_PREFERS_STRING_CATALOGS = YES;
				MTL_ENABLE_DEBUG_INFO = INCLUDE_SOURCE;
				MTL_FAST_MATH = YES;
				ONLY_ACTIVE_ARCH = YES;
				STRING_CATALOG_GENERATE_SYMBOLS = YES;
				SWIFT_ACTIVE_COMPILATION_CONDITIONS = "DEBUG $(inherited)";
				SWIFT_OPTIMIZATION_LEVEL = "-Onone";
			};
			name = Debug;
		};
		A51F8DB52C8513A700E93584 /* Release */ = {
			isa = XCBuildConfiguration;
			buildSettings = {
				ALWAYS_SEARCH_USER_PATHS = NO;
				ASSETCATALOG_COMPILER_GENERATE_SWIFT_ASSET_SYMBOL_EXTENSIONS = YES;
				CLANG_ANALYZER_NONNULL = YES;
				CLANG_ANALYZER_NUMBER_OBJECT_CONVERSION = YES_AGGRESSIVE;
				CLANG_CXX_LANGUAGE_STANDARD = "gnu++20";
				CLANG_ENABLE_MODULES = YES;
				CLANG_ENABLE_OBJC_ARC = YES;
				CLANG_ENABLE_OBJC_WEAK = YES;
				CLANG_WARN_BLOCK_CAPTURE_AUTORELEASING = YES;
				CLANG_WARN_BOOL_CONVERSION = YES;
				CLANG_WARN_COMMA = YES;
				CLANG_WARN_CONSTANT_CONVERSION = YES;
				CLANG_WARN_DEPRECATED_OBJC_IMPLEMENTATIONS = YES;
				CLANG_WARN_DIRECT_OBJC_ISA_USAGE = YES_ERROR;
				CLANG_WARN_DOCUMENTATION_COMMENTS = YES;
				CLANG_WARN_EMPTY_BODY = YES;
				CLANG_WARN_ENUM_CONVERSION = YES;
				CLANG_WARN_INFINITE_RECURSION = YES;
				CLANG_WARN_INT_CONVERSION = YES;
				CLANG_WARN_NON_LITERAL_NULL_CONVERSION = YES;
				CLANG_WARN_OBJC_IMPLICIT_RETAIN_SELF = YES;
				CLANG_WARN_OBJC_LITERAL_CONVERSION = YES;
				CLANG_WARN_OBJC_ROOT_CLASS = YES_ERROR;
				CLANG_WARN_QUOTED_INCLUDE_IN_FRAMEWORK_HEADER = YES;
				CLANG_WARN_RANGE_LOOP_ANALYSIS = YES;
				CLANG_WARN_STRICT_PROTOTYPES = YES;
				CLANG_WARN_SUSPICIOUS_MOVE = YES;
				CLANG_WARN_UNGUARDED_AVAILABILITY = YES_AGGRESSIVE;
				CLANG_WARN_UNREACHABLE_CODE = YES;
				CLANG_WARN__DUPLICATE_METHOD_MATCH = YES;
				COPY_PHASE_STRIP = NO;
				DEAD_CODE_STRIPPING = YES;
				DEBUG_INFORMATION_FORMAT = "dwarf-with-dsym";
				DEVELOPMENT_TEAM = M966FGB957;
				ENABLE_NS_ASSERTIONS = NO;
				ENABLE_STRICT_OBJC_MSGSEND = YES;
				ENABLE_USER_SCRIPT_SANDBOXING = YES;
				GCC_C_LANGUAGE_STANDARD = gnu17;
				GCC_NO_COMMON_BLOCKS = YES;
				GCC_WARN_64_TO_32_BIT_CONVERSION = YES;
				GCC_WARN_ABOUT_RETURN_TYPE = YES_ERROR;
				GCC_WARN_UNDECLARED_SELECTOR = YES;
				GCC_WARN_UNINITIALIZED_AUTOS = YES_AGGRESSIVE;
				GCC_WARN_UNUSED_FUNCTION = YES;
				GCC_WARN_UNUSED_VARIABLE = YES;
				IPHONEOS_DEPLOYMENT_TARGET = 16.0;
				LOCALIZATION_PREFERS_STRING_CATALOGS = YES;
				MTL_ENABLE_DEBUG_INFO = NO;
				MTL_FAST_MATH = YES;
				STRING_CATALOG_GENERATE_SYMBOLS = YES;
				SWIFT_COMPILATION_MODE = wholemodule;
			};
			name = Release;
		};
		A51F8DB72C8513A700E93584 /* Debug */ = {
			isa = XCBuildConfiguration;
			buildSettings = {
				ASSETCATALOG_COMPILER_APPICON_NAME = AppIcon;
				ASSETCATALOG_COMPILER_GLOBAL_ACCENT_COLOR_NAME = AccentColor;
				CODE_SIGN_ENTITLEMENTS = ElectionDeflection/ElectionDeflection.entitlements;
				CODE_SIGN_STYLE = Automatic;
				CURRENT_PROJECT_VERSION = 36;
				DEAD_CODE_STRIPPING = YES;
				DEVELOPMENT_ASSET_PATHS = "\"ElectionDeflection/Preview Content\"";
				ENABLE_APP_SANDBOX = YES;
				ENABLE_HARDENED_RUNTIME = YES;
				ENABLE_PREVIEWS = YES;
				ENABLE_USER_SELECTED_FILES = readonly;
				GENERATE_INFOPLIST_FILE = YES;
				INFOPLIST_FILE = ElectionDeflection/Info.plist;
				INFOPLIST_KEY_CFBundleDisplayName = ElectionDeflection;
				INFOPLIST_KEY_LSApplicationCategoryType = "public.app-category.utilities";
				"INFOPLIST_KEY_UIApplicationSceneManifest_Generation[sdk=iphoneos*]" = YES;
				"INFOPLIST_KEY_UIApplicationSceneManifest_Generation[sdk=iphonesimulator*]" = YES;
				"INFOPLIST_KEY_UIApplicationSupportsIndirectInputEvents[sdk=iphoneos*]" = YES;
				"INFOPLIST_KEY_UIApplicationSupportsIndirectInputEvents[sdk=iphonesimulator*]" = YES;
				"INFOPLIST_KEY_UILaunchScreen_Generation[sdk=iphoneos*]" = YES;
				"INFOPLIST_KEY_UILaunchScreen_Generation[sdk=iphonesimulator*]" = YES;
				"INFOPLIST_KEY_UIStatusBarStyle[sdk=iphoneos*]" = UIStatusBarStyleDefault;
				"INFOPLIST_KEY_UIStatusBarStyle[sdk=iphonesimulator*]" = UIStatusBarStyleDefault;
				INFOPLIST_KEY_UISupportedInterfaceOrientations_iPad = "UIInterfaceOrientationPortrait UIInterfaceOrientationPortraitUpsideDown UIInterfaceOrientationLandscapeLeft UIInterfaceOrientationLandscapeRight";
				INFOPLIST_KEY_UISupportedInterfaceOrientations_iPhone = "UIInterfaceOrientationPortrait UIInterfaceOrientationLandscapeLeft UIInterfaceOrientationLandscapeRight";
				IPHONEOS_DEPLOYMENT_TARGET = 16.0;
				LD_RUNPATH_SEARCH_PATHS = "@executable_path/Frameworks";
				"LD_RUNPATH_SEARCH_PATHS[sdk=macosx*]" = "@executable_path/../Frameworks";
				MACOSX_DEPLOYMENT_TARGET = 14.5;
				MARKETING_VERSION = 2.1.2;
				PRODUCT_BUNDLE_IDENTIFIER = com.millermedia.ElectionDeflection;
				PRODUCT_NAME = "$(TARGET_NAME)";
				SDKROOT = auto;
				SUPPORTED_PLATFORMS = "iphoneos iphonesimulator";
				SUPPORTS_MACCATALYST = NO;
				SWIFT_EMIT_LOC_STRINGS = YES;
				SWIFT_VERSION = 5.0;
				TARGETED_DEVICE_FAMILY = 1;
			};
			name = Debug;
		};
		A51F8DB82C8513A700E93584 /* Release */ = {
			isa = XCBuildConfiguration;
			buildSettings = {
				ASSETCATALOG_COMPILER_APPICON_NAME = AppIcon;
				ASSETCATALOG_COMPILER_GLOBAL_ACCENT_COLOR_NAME = AccentColor;
				CODE_SIGN_ENTITLEMENTS = ElectionDeflection/ElectionDeflection.entitlements;
				CODE_SIGN_STYLE = Automatic;
				CURRENT_PROJECT_VERSION = 36;
				DEAD_CODE_STRIPPING = YES;
				DEVELOPMENT_ASSET_PATHS = "\"ElectionDeflection/Preview Content\"";
				ENABLE_APP_SANDBOX = YES;
				ENABLE_HARDENED_RUNTIME = YES;
				ENABLE_PREVIEWS = YES;
				ENABLE_USER_SELECTED_FILES = readonly;
				GENERATE_INFOPLIST_FILE = YES;
				INFOPLIST_FILE = ElectionDeflection/Info.plist;
				INFOPLIST_KEY_CFBundleDisplayName = ElectionDeflection;
				INFOPLIST_KEY_LSApplicationCategoryType = "public.app-category.utilities";
				"INFOPLIST_KEY_UIApplicationSceneManifest_Generation[sdk=iphoneos*]" = YES;
				"INFOPLIST_KEY_UIApplicationSceneManifest_Generation[sdk=iphonesimulator*]" = YES;
				"INFOPLIST_KEY_UIApplicationSupportsIndirectInputEvents[sdk=iphoneos*]" = YES;
				"INFOPLIST_KEY_UIApplicationSupportsIndirectInputEvents[sdk=iphonesimulator*]" = YES;
				"INFOPLIST_KEY_UILaunchScreen_Generation[sdk=iphoneos*]" = YES;
				"INFOPLIST_KEY_UILaunchScreen_Generation[sdk=iphonesimulator*]" = YES;
				"INFOPLIST_KEY_UIStatusBarStyle[sdk=iphoneos*]" = UIStatusBarStyleDefault;
				"INFOPLIST_KEY_UIStatusBarStyle[sdk=iphonesimulator*]" = UIStatusBarStyleDefault;
				INFOPLIST_KEY_UISupportedInterfaceOrientations_iPad = "UIInterfaceOrientationPortrait UIInterfaceOrientationPortraitUpsideDown UIInterfaceOrientationLandscapeLeft UIInterfaceOrientationLandscapeRight";
				INFOPLIST_KEY_UISupportedInterfaceOrientations_iPhone = "UIInterfaceOrientationPortrait UIInterfaceOrientationLandscapeLeft UIInterfaceOrientationLandscapeRight";
				IPHONEOS_DEPLOYMENT_TARGET = 16.0;
				LD_RUNPATH_SEARCH_PATHS = "@executable_path/Frameworks";
				"LD_RUNPATH_SEARCH_PATHS[sdk=macosx*]" = "@executable_path/../Frameworks";
				MACOSX_DEPLOYMENT_TARGET = 14.5;
				MARKETING_VERSION = 2.1.2;
				PRODUCT_BUNDLE_IDENTIFIER = com.millermedia.ElectionDeflection;
				PRODUCT_NAME = "$(TARGET_NAME)";
				SDKROOT = auto;
				SUPPORTED_PLATFORMS = "iphoneos iphonesimulator";
				SUPPORTS_MACCATALYST = NO;
				SWIFT_EMIT_LOC_STRINGS = YES;
				SWIFT_VERSION = 5.0;
				TARGETED_DEVICE_FAMILY = 1;
			};
			name = Release;
		};
		A51F8DC62C85142500E93584 /* Debug */ = {
			isa = XCBuildConfiguration;
			buildSettings = {
				CODE_SIGN_ENTITLEMENTS = ElectionDeflectionFilter/ElectionDeflectionFilter.entitlements;
				CODE_SIGN_STYLE = Automatic;
				CURRENT_PROJECT_VERSION = 36;
				GENERATE_INFOPLIST_FILE = YES;
				INFOPLIST_FILE = ElectionDeflectionFilter/Info.plist;
				INFOPLIST_KEY_CFBundleDisplayName = ElectionDeflectionFilter;
				INFOPLIST_KEY_NSHumanReadableCopyright = "";
				IPHONEOS_DEPLOYMENT_TARGET = 16.0;
				LD_RUNPATH_SEARCH_PATHS = (
					"$(inherited)",
					"@executable_path/Frameworks",
					"@executable_path/../../Frameworks",
				);
				MARKETING_VERSION = 2.1.2;
				PRODUCT_BUNDLE_IDENTIFIER = com.millermedia.ElectionDeflection.ElectionDeflectionFilter;
				PRODUCT_NAME = "$(TARGET_NAME)";
				SDKROOT = iphoneos;
				SKIP_INSTALL = YES;
				SUPPORTED_PLATFORMS = "iphoneos iphonesimulator";
				SUPPORTS_MACCATALYST = NO;
				SWIFT_EMIT_LOC_STRINGS = YES;
				SWIFT_VERSION = 5.0;
				TARGETED_DEVICE_FAMILY = 1;
			};
			name = Debug;
		};
		A51F8DC72C85142500E93584 /* Release */ = {
			isa = XCBuildConfiguration;
			buildSettings = {
				CODE_SIGN_ENTITLEMENTS = ElectionDeflectionFilter/ElectionDeflectionFilter.entitlements;
				CODE_SIGN_STYLE = Automatic;
				CURRENT_PROJECT_VERSION = 36;
				GENERATE_INFOPLIST_FILE = YES;
				INFOPLIST_FILE = ElectionDeflectionFilter/Info.plist;
				INFOPLIST_KEY_CFBundleDisplayName = ElectionDeflectionFilter;
				INFOPLIST_KEY_NSHumanReadableCopyright = "";
				IPHONEOS_DEPLOYMENT_TARGET = 16.0;
				LD_RUNPATH_SEARCH_PATHS = (
					"$(inherited)",
					"@executable_path/Frameworks",
					"@executable_path/../../Frameworks",
				);
				MARKETING_VERSION = 2.1.2;
				PRODUCT_BUNDLE_IDENTIFIER = com.millermedia.ElectionDeflection.ElectionDeflectionFilter;
				PRODUCT_NAME = "$(TARGET_NAME)";
				SDKROOT = iphoneos;
				SKIP_INSTALL = YES;
				SUPPORTED_PLATFORMS = "iphoneos iphonesimulator";
				SUPPORTS_MACCATALYST = NO;
				SWIFT_EMIT_LOC_STRINGS = YES;
				SWIFT_VERSION = 5.0;
				TARGETED_DEVICE_FAMILY = 1;
				VALIDATE_PRODUCT = YES;
			};
			name = Release;
		};
		B2A0000100000001000B0048 /* Debug */ = {
			isa = XCBuildConfiguration;
			buildSettings = {
				BUNDLE_LOADER = "$(TEST_HOST)";
				CODE_SIGN_STYLE = Automatic;
				CURRENT_PROJECT_VERSION = 1;
				GENERATE_INFOPLIST_FILE = YES;
				IPHONEOS_DEPLOYMENT_TARGET = 16.0;
				MARKETING_VERSION = 1.0;
				PRODUCT_BUNDLE_IDENTIFIER = com.millermedia.ElectionDeflectionTests;
				PRODUCT_NAME = "$(TARGET_NAME)";
				SDKROOT = iphoneos;
				SUPPORTED_PLATFORMS = "iphoneos iphonesimulator";
				SUPPORTS_MACCATALYST = NO;
				SWIFT_EMIT_LOC_STRINGS = NO;
				SWIFT_VERSION = 5.0;
				TARGETED_DEVICE_FAMILY = 1;
				TEST_HOST = "$(BUILT_PRODUCTS_DIR)/ElectionDeflection.app/$(BUNDLE_EXECUTABLE_FOLDER_PATH)/ElectionDeflection";
			};
			name = Debug;
		};
		B2A0000100000001000B0049 /* Release */ = {
			isa = XCBuildConfiguration;
			buildSettings = {
				BUNDLE_LOADER = "$(TEST_HOST)";
				CODE_SIGN_STYLE = Automatic;
				CURRENT_PROJECT_VERSION = 1;
				GENERATE_INFOPLIST_FILE = YES;
				IPHONEOS_DEPLOYMENT_TARGET = 16.0;
				MARKETING_VERSION = 1.0;
				PRODUCT_BUNDLE_IDENTIFIER = com.millermedia.ElectionDeflectionTests;
				PRODUCT_NAME = "$(TARGET_NAME)";
				SDKROOT = iphoneos;
				SUPPORTED_PLATFORMS = "iphoneos iphonesimulator";
				SUPPORTS_MACCATALYST = NO;
				SWIFT_EMIT_LOC_STRINGS = NO;
				SWIFT_VERSION = 5.0;
				TARGETED_DEVICE_FAMILY = 1;
				TEST_HOST = "$(BUILT_PRODUCTS_DIR)/ElectionDeflection.app/$(BUNDLE_EXECUTABLE_FOLDER_PATH)/ElectionDeflection";
			};
			name = Release;
		};
		B2A0008200000001000B0070 /* Debug */ = {
			isa = XCBuildConfiguration;
			buildSettings = {
				CODE_SIGN_ENTITLEMENTS = ElectionDeflectionShare/ElectionDeflectionShare.entitlements;
				CODE_SIGN_STYLE = Automatic;
				CURRENT_PROJECT_VERSION = 36;
				GENERATE_INFOPLIST_FILE = YES;
				INFOPLIST_FILE = ElectionDeflectionShare/Info.plist;
				INFOPLIST_KEY_CFBundleDisplayName = ElectionDeflectionShare;
				INFOPLIST_KEY_NSHumanReadableCopyright = "";
				IPHONEOS_DEPLOYMENT_TARGET = 16.0;
				LD_RUNPATH_SEARCH_PATHS = (
					"$(inherited)",
					"@executable_path/Frameworks",
					"@executable_path/../../Frameworks",
				);
				MARKETING_VERSION = 2.1.2;
				PRODUCT_BUNDLE_IDENTIFIER = com.millermedia.ElectionDeflection.ElectionDeflectionShare;
				PRODUCT_NAME = "$(TARGET_NAME)";
				SDKROOT = iphoneos;
				SKIP_INSTALL = YES;
				SUPPORTED_PLATFORMS = "iphoneos iphonesimulator";
				SUPPORTS_MACCATALYST = NO;
				SWIFT_EMIT_LOC_STRINGS = YES;
				SWIFT_VERSION = 5.0;
				TARGETED_DEVICE_FAMILY = 1;
			};
			name = Debug;
		};
		B2A0008200000001000B0071 /* Release */ = {
			isa = XCBuildConfiguration;
			buildSettings = {
				CODE_SIGN_ENTITLEMENTS = ElectionDeflectionShare/ElectionDeflectionShare.entitlements;
				CODE_SIGN_STYLE = Automatic;
				CURRENT_PROJECT_VERSION = 36;
				GENERATE_INFOPLIST_FILE = YES;
				INFOPLIST_FILE = ElectionDeflectionShare/Info.plist;
				INFOPLIST_KEY_CFBundleDisplayName = ElectionDeflectionShare;
				INFOPLIST_KEY_NSHumanReadableCopyright = "";
				IPHONEOS_DEPLOYMENT_TARGET = 16.0;
				LD_RUNPATH_SEARCH_PATHS = (
					"$(inherited)",
					"@executable_path/Frameworks",
					"@executable_path/../../Frameworks",
				);
				MARKETING_VERSION = 2.1.2;
				PRODUCT_BUNDLE_IDENTIFIER = com.millermedia.ElectionDeflection.ElectionDeflectionShare;
				PRODUCT_NAME = "$(TARGET_NAME)";
				SDKROOT = iphoneos;
				SKIP_INSTALL = YES;
				SUPPORTED_PLATFORMS = "iphoneos iphonesimulator";
				SUPPORTS_MACCATALYST = NO;
				SWIFT_EMIT_LOC_STRINGS = YES;
				SWIFT_VERSION = 5.0;
				TARGETED_DEVICE_FAMILY = 1;
				VALIDATE_PRODUCT = YES;
			};
			name = Release;
		};
/* End XCBuildConfiguration section */

/* Begin XCConfigurationList section */
		A51F8DA22C8513A400E93584 /* Build configuration list for PBXProject "ElectionDeflection" */ = {
			isa = XCConfigurationList;
			buildConfigurations = (
				A51F8DB42C8513A700E93584 /* Debug */,
				A51F8DB52C8513A700E93584 /* Release */,
			);
			defaultConfigurationIsVisible = 0;
			defaultConfigurationName = Release;
		};
		A51F8DB62C8513A700E93584 /* Build configuration list for PBXNativeTarget "ElectionDeflection" */ = {
			isa = XCConfigurationList;
			buildConfigurations = (
				A51F8DB72C8513A700E93584 /* Debug */,
				A51F8DB82C8513A700E93584 /* Release */,
			);
			defaultConfigurationIsVisible = 0;
			defaultConfigurationName = Release;
		};
		A51F8DC52C85142500E93584 /* Build configuration list for PBXNativeTarget "ElectionDeflectionFilter" */ = {
			isa = XCConfigurationList;
			buildConfigurations = (
				A51F8DC62C85142500E93584 /* Debug */,
				A51F8DC72C85142500E93584 /* Release */,
			);
			defaultConfigurationIsVisible = 0;
			defaultConfigurationName = Release;
		};
		B2A0000100000001000B004A /* Build configuration list for PBXNativeTarget "ElectionDeflectionTests" */ = {
			isa = XCConfigurationList;
			buildConfigurations = (
				B2A0000100000001000B0048 /* Debug */,
				B2A0000100000001000B0049 /* Release */,
			);
			defaultConfigurationIsVisible = 0;
			defaultConfigurationName = Release;
		};
		B2A0008200000001000B0080 /* Build configuration list for PBXNativeTarget "ElectionDeflectionShare" */ = {
			isa = XCConfigurationList;
			buildConfigurations = (
				B2A0008200000001000B0070 /* Debug */,
				B2A0008200000001000B0071 /* Release */,
			);
			defaultConfigurationIsVisible = 0;
			defaultConfigurationName = Release;
		};
/* End XCConfigurationList section */
	};
	rootObject = A51F8D9F2C8513A400E93584 /* Project object */;
}
