// !$*UTF8*$!
{
	archiveVersion = 1;
	classes = {
	};
	objectVersion = 56;
	objects = {

/* Begin PBXBuildFile section */
		A51F8DAB2C8513A500E93584 /* ElectionDeflectionApp.swift in Sources */ = {isa = PBXBuildFile; fileRef = A51F8DAA2C8513A500E93584 /* ElectionDeflectionApp.swift */; };
		A51F8DAD2C8513A500E93584 /* ContentView.swift in Sources */ = {isa = PBXBuildFile; fileRef = A51F8DAC2C8513A500E93584 /* ContentView.swift */; };
		A51F8DAF2C8513A700E93584 /* Assets.xcassets in Resources */ = {isa = PBXBuildFile; fileRef = A51F8DAE2C8513A700E93584 /* Assets.xcassets */; };
		A51F8DB32C8513A700E93584 /* Preview Assets.xcassets in Resources */ = {isa = PBXBuildFile; fileRef = A51F8DB22C8513A700E93584 /* Preview Assets.xcassets */; };
		A51F8DC02C85142500E93584 /* MessageFilterExtension.swift in Sources */ = {isa = PBXBuildFile; fileRef = A51F8DBF2C85142500E93584 /* MessageFilterExtension.swift */; };
		A51F8DC42C85142500E93584 /* ElectionDeflectionFilter.appex in Embed Foundation Extensions */ = {isa = PBXBuildFile; fileRef = A51F8DBD2C85142500E93584 /* ElectionDeflectionFilter.appex */; settings = {ATTRIBUTES = (RemoveHeadersOnCopy, ); }; };
		A51F8DCA2C85195B00E93584 /* OnboardingView.swift in Sources */ = {isa = PBXBuildFile; fileRef = A51F8DC92C85195B00E93584 /* OnboardingView.swift */; };
/* End PBXBuildFile section */

/* Begin PBXContainerItemProxy section */
		A51F8DC22C85142500E93584 /* PBXContainerItemProxy */ = {
			isa = PBXContainerItemProxy;
			containerPortal = A51F8D9F2C8513A400E93584 /* Project object */;
			proxyType = 1;
			remoteGlobalIDString = A51F8DBC2C85142500E93584;
			remoteInfo = ElectionDeflectionFilter;
		};
/* End PBXContainerItemProxy section */

/* Begin PBXCopyFilesBuildPhase section */
		A51F8DC82C85142500E93584 /* Embed Foundation Extensions */ = {
			isa = PBXCopyFilesBuildPhase;
			buildActionMask = 2147483647;
			dstPath = "";
			dstSubfolderSpec = 13;
			files = (
				A51F8DC42C85142500E93584 /* ElectionDeflectionFilter.appex in Embed Foundation Extensions */,
			);
			name = "Embed Foundation Extensions";
			runOnlyForDeploymentPostprocessing = 0;
		};
/* End PBXCopyFilesBuildPhase section */

/* Begin PBXFileReference section */
		A51F8DA72C8513A500E93584 /* ElectionDeflection.app */ = {isa = PBXFileReference; explicitFileType = wrapper.application; includeInIndex = 0; path = ElectionDeflection.app; sourceTree = BUILT_PRODUCTS_DIR; };
		A51F8DAA2C8513A500E93584 /* ElectionDeflectionApp.swift */ = {isa = PBXFileReference; lastKnownFileType = sourcecode.swift; path = ElectionDeflectionApp.swift; sourceTree = "<group>"; };
		A51F8DAC2C8513A500E93584 /* ContentView.swift */ = {isa = PBXFileReference; lastKnownFileType = sourcecode.swift; path = ContentView.swift; sourceTree = "<group>"; };
		A51F8DAE2C8513A700E93584 /* Assets.xcassets */ = {isa = PBXFileReference; lastKnownFileType = folder.assetcatalog; path = Assets.xcassets; sourceTree = "<group>"; };
		A51F8DB02C8513A700E93584 /* ElectionDeflection.entitlements */ = {isa = PBXFileReference; lastKnownFileType = text.plist.entitlements; path = ElectionDeflection.entitlements; sourceTree = "<group>"; };
		A51F8DB22C8513A700E93584 /* Preview Assets.xcassets */ = {isa = PBXFileReference; lastKnownFileType = folder.assetcatalog; path = "Preview Assets.xcassets"; sourceTree = "<group>"; };
		A51F8DBD2C85142500E93584 /* ElectionDeflectionFilter.appex */ = {isa = PBXFileReference; explicitFileType = "wrapper.app-extension"; includeInIndex = 0; path = ElectionDeflectionFilter.appex; sourceTree = BUILT_PRODUCTS_DIR; };
		A51F8DBF2C85142500E93584 /* MessageFilterExtension.swift */ = {isa = PBXFileReference; lastKnownFileType = sourcecode.swift; path = MessageFilterExtension.swift; sourceTree = "<group>"; };
		A51F8DC12C85142500E93584 /* Info.plist */ = {isa = PBXFileReference; lastKnownFileType = text.plist.xml; path = Info.plist; sourceTree = "<group>"; };
		A51F8DC92C85195B00E93584 /* OnboardingView.swift */ = {isa = PBXFileReference; lastKnownFileType = sourcecode.swift; path = OnboardingView.swift; sourceTree = "<group>"; };
		A51F8DF22C853DC600E93584 /* ElectionDeflectionFilter.entitlements */ = {isa = PBXFileReference; lastKnownFileType = text.plist.entitlements; path = ElectionDeflectionFilter.entitlements; sourceTree = "<group>"; };
/* End PBXFileReference section */

/* Begin PBXFrameworksBuildPhase section */
		A51F8DA42C8513A500E93584 /* Frameworks */ = {
			isa = PBXFrameworksBuildPhase;
			buildActionMask = 2147483647;
			files = (
			);
			runOnlyForDeploymentPostprocessing = 0;
		};
		A51F8DBA2C85142500E93584 /* Frameworks */ = {
			isa = PBXFrameworksBuildPhase;
			buildActionMask = 2147483647;
			files = (
			);
			runOnlyForDeploymentPostprocessing = 0;
		};
/* End PBXFrameworksBuildPhase section */

/* Begin PBXGroup section */
		A51F8D9E2C8513A400E93584 = {
			isa = PBXGroup;
			children = (
				A51F8DA92C8513A500E93584 /* ElectionDeflection */,
				A51F8DBE2C85142500E93584 /* ElectionDeflectionFilter */,
				A51F8DA82C8513A500E93584 /* Products */,
			);
			sourceTree = "<group>";
		};
		A51F8DA82C8513A500E93584 /* Products */ = {
			isa = PBXGroup;
			children = (
				A51F8DA72C8513A500E93584 /* ElectionDeflection.app */,
				A51F8DBD2C85142500E93584 /* ElectionDeflectionFilter.appex */,
			);
			name = Products;
			sourceTree = "<group>";
		};
		A51F8DA92C8513A500E93584 /* ElectionDeflection */ = {
			isa = PBXGroup;
			children = (
				A51F8DAA2C8513A500E93584 /* ElectionDeflectionApp.swift */,
				A51F8DAC2C8513A500E93584 /* ContentView.swift */,
				A51F8DC92C85195B00E93584 /* OnboardingView.swift */,
				A51F8DAE2C8513A700E93584 /* Assets.xcassets */,
				A51F8DB02C8513A700E93584 /* ElectionDeflection.entitlements */,
				A51F8DB12C8513A700E93584 /* Preview Content */,
			);
			path = ElectionDeflection;
			sourceTree = "<group>";
		};
		A51F8DB12C8513A700E93584 /* Preview Content */ = {
			isa = PBXGroup;
			children = (
				A51F8DB22C8513A700E93584 /* Preview Assets.xcassets */,
			);
			path = "Preview Content";
			sourceTree = "<group>";
		};
		A51F8DBE2C85142500E93584 /* ElectionDeflectionFilter */ = {
			isa = PBXGroup;
			children = (
				A51F8DF22C853DC600E93584 /* ElectionDeflectionFilter.entitlements */,
				A51F8DBF2C85142500E93584 /* MessageFilterExtension.swift */,
				A51F8DC12C85142500E93584 /* Info.plist */,
			);
			path = ElectionDeflectionFilter;
			sourceTree = "<group>";
		};
/* End PBXGroup section */

/* Begin PBXNativeTarget section */
		A51F8DA62C8513A500E93584 /* ElectionDeflection */ = {
			isa = PBXNativeTarget;
			buildConfigurationList = A51F8DB62C8513A700E93584 /* Build configuration list for PBXNativeTarget "ElectionDeflection" */;
			buildPhases = (
				A51F8DA32C8513A500E93584 /* Sources */,
				A51F8DA42C8513A500E93584 /* Frameworks */,
				A51F8DA52C8513A500E93584 /* Resources */,
				A51F8DC82C85142500E93584 /* Embed Foundation Extensions */,
			);
			buildRules = (
			);
			dependencies = (
				A51F8DC32C85142500E93584 /* PBXTargetDependency */,
			);
			name = ElectionDeflection;
			productName = ElectionDeflection;
			productReference = A51F8DA72C8513A500E93584 /* ElectionDeflection.app */;
			productType = "com.apple.product-type.application";
		};
		A51F8DBC2C85142500E93584 /* ElectionDeflectionFilter */ = {
			isa = PBXNativeTarget;
			buildConfigurationList = A51F8DC52C85142500E93584 /* Build configuration list for PBXNativeTarget "ElectionDeflectionFilter" */;
			buildPhases = (
				A51F8DB92C85142500E93584 /* Sources */,
				A51F8DBA2C85142500E93584 /* Frameworks */,
				A51F8DBB2C85142500E93584 /* Resources */,
			);
			buildRules = (
			);
			dependencies = (
			);
			name = ElectionDeflectionFilter;
			productName = ElectionDeflectionFilter;
			productReference = A51F8DBD2C85142500E93584 /* ElectionDeflectionFilter.appex */;
			productType = "com.apple.product-type.app-extension";
		};
/* End PBXNativeTarget section */

/* Begin PBXProject section */
		A51F8D9F2C8513A400E93584 /* Project object */ = {
			isa = PBXProject;
			attributes = {
				BuildIndependentTargetsInParallel = 1;
				LastSwiftUpdateCheck = 1540;
				LastUpgradeCheck = 1540;
				TargetAttributes = {
					A51F8DA62C8513A500E93584 = {
						CreatedOnToolsVersion = 15.4;
					};
					A51F8DBC2C85142500E93584 = {
						CreatedOnToolsVersion = 15.4;
					};
				};
			};
			buildConfigurationList = A51F8DA22C8513A400E93584 /* Build configuration list for PBXProject "ElectionDeflection" */;
			compatibilityVersion = "Xcode 14.0";
			developmentRegion = en;
			hasScannedForEncodings = 0;
			knownRegions = (
				en,
				Base,
			);
			mainGroup = A51F8D9E2C8513A400E93584;
			productRefGroup = A51F8DA82C8513A500E93584 /* Products */;
			projectDirPath = "";
			projectRoot = "";
			targets = (
				A51F8DA62C8513A500E93584 /* ElectionDeflection */,
				A51F8DBC2C85142500E93584 /* ElectionDeflectionFilter */,
			);
		};
/* End PBXProject section */

/* Begin PBXResourcesBuildPhase section */
		A51F8DA52C8513A500E93584 /* Resources */ = {
			isa = PBXResourcesBuildPhase;
			buildActionMask = 2147483647;
			files = (
				A51F8DB32C8513A700E93584 /* Preview Assets.xcassets in Resources */,
				A51F8DAF2C8513A700E93584 /* Assets.xcassets in Resources */,
			);
			runOnlyForDeploymentPostprocessing = 0;
		};
		A51F8DBB2C85142500E93584 /* Resources */ = {
			isa = PBXResourcesBuildPhase;
			buildActionMask = 2147483647;
			files = (
			);
			runOnlyForDeploymentPostprocessing = 0;
		};
/* End PBXResourcesBuildPhase section */

/* Begin PBXSourcesBuildPhase section */
		A51F8DA32C8513A500E93584 /* Sources */ = {
			isa = PBXSourcesBuildPhase;
			buildActionMask = 2147483647;
			files = (
				A51F8DCA2C85195B00E93584 /* OnboardingView.swift in Sources */,
				A51F8DAD2C8513A500E93584 /* ContentView.swift in Sources */,
				A51F8DAB2C8513A500E93584 /* ElectionDeflectionApp.swift in Sources */,
			);
			runOnlyForDeploymentPostprocessing = 0;
		};
		A51F8DB92C85142500E93584 /* Sources */ = {
			isa = PBXSourcesBuildPhase;
			buildActionMask = 2147483647;
			files = (
				A51F8DC02C85142500E93584 /* MessageFilterExtension.swift in Sources */,
			);
			runOnlyForDeploymentPostprocessing = 0;
		};
/* End PBXSourcesBuildPhase section */

/* Begin PBXTargetDependency section */
		A51F8DC32C85142500E93584 /* PBXTargetDependency */ = {
			isa = PBXTargetDependency;
			target = A51F8DBC2C85142500E93584 /* ElectionDeflectionFilter */;
			targetProxy = A51F8DC22C85142500E93584 /* PBXContainerItemProxy */;
		};
/* End PBXTargetDependency section */

/* Begin XCBuildConfiguration section */
		A51F8DB42C8513A700E93584 /* Debug */ = {
			isa = XCBuildConfiguration;
			buildSettings = {
				ALWAYS_SEARCH_USER_PATHS = NO;
				ASSETCATALOG_COMPILER_GENERATE_SWIFT_ASSET_SYMBOL_EXTENSIONS = YES;
				CLANG_ANALYZER_NONNULL = YES;
				CLANG_ANALYZER_NUMBER_OBJECT_CONVERSION = YES_AGGRESSIVE;
				CLANG_CXX_LANGUAGE_STANDARD = "gnu++20";
				CLANG_ENABLE_MODULES = YES;
				CLANG_ENABLE_OBJC_ARC = YES;
				CLANG_ENABLE_OBJC_WEAK = YES;
				CLANG_WARN_BLOCK_CAPTURE_AUTORELEASING = YES;
				CLANG_WARN_BOOL_CONVERSION = YES;
				CLANG_WARN_COMMA = YES;
				CLANG_WARN_CONSTANT_CONVERSION = YES;
				CLANG_WARN_DEPRECATED_OBJC_IMPLEMENTATIONS = YES;
				CLANG_WARN_DIRECT_OBJC_ISA_USAGE = YES_ERROR;
				CLANG_WARN_DOCUMENTATION_COMMENTS = YES;
				CLANG_WARN_EMPTY_BODY = YES;
				CLANG_WARN_ENUM_CONVERSION = YES;
				CLANG_WARN_INFINITE_RECURSION = YES;
				CLANG_WARN_INT_CONVERSION = YES;
				CLANG_WARN_NON_LITERAL_NULL_CONVERSION = YES;
				CLANG_WARN_OBJC_IMPLICIT_RETAIN_SELF = YES;
				CLANG_WARN_OBJC_LITERAL_CONVERSION = YES;
				CLANG_WARN_OBJC_ROOT_CLASS = YES_ERROR;
				CLANG_WARN_QUOTED_INCLUDE_IN_FRAMEWORK_HEADER = YES;
				CLANG_WARN_RANGE_LOOP_ANALYSIS = YES;
				CLANG_WARN_STRICT_PROTOTYPES = YES;
				CLANG_WARN_SUSPICIOUS_MOVE = YES;
				CLANG_WARN_UNGUARDED_AVAILABILITY = YES_AGGRESSIVE;
				CLANG_WARN_UNREACHABLE_CODE = YES;
				CLANG_WARN__DUPLICATE_METHOD_MATCH = YES;
				COPY_PHASE_STRIP = NO;
				DEBUG_INFORMATION_FORMAT = dwarf;
				ENABLE_STRICT_OBJC_MSGSEND = YES;
				ENABLE_TESTABILITY = YES;
				ENABLE_USER_SCRIPT_SANDBOXING = YES;
				GCC_C_LANGUAGE_STANDARD = gnu17;
				GCC_DYNAMIC_NO_PIC = NO;
				GCC_NO_COMMON_BLOCKS = YES;
				GCC_OPTIMIZATION_LEVEL = 0;
				GCC_PREPROCESSOR_DEFINITIONS = (
					"DEBUG=1",
					"$(inherited)",
				);
				GCC_WARN_64_TO_32_BIT_CONVERSION = YES;
				GCC_WARN_ABOUT_RETURN_TYPE = YES_ERROR;
				GCC_WARN_UNDECLARED_SELECTOR = YES;
				GCC_WARN_UNINITIALIZED_AUTOS = YES_AGGRESSIVE;
				GCC_WARN_UNUSED_FUNCTION = YES;
				GCC_WARN_UNUSED_VARIABLE = YES;
				IPHONEOS_DEPLOYMENT_TARGET = 15.0;
				LOCALIZATION_PREFERS_STRING_CATALOGS = YES;
				MTL_ENABLE_DEBUG_INFO = INCLUDE_SOURCE;
				MTL_FAST_MATH = YES;
				ONLY_ACTIVE_ARCH = YES;
				SWIFT_ACTIVE_COMPILATION_CONDITIONS = "DEBUG $(inherited)";
				SWIFT_OPTIMIZATION_LEVEL = "-Onone";
			};
			name = Debug;
		};
		A51F8DB52C8513A700E93584 /* Release */ = {
			isa = XCBuildConfiguration;
			buildSettings = {
				ALWAYS_SEARCH_USER_PATHS = NO;
				ASSETCATALOG_COMPILER_GENERATE_SWIFT_ASSET_SYMBOL_EXTENSIONS = YES;
				CLANG_ANALYZER_NONNULL = YES;
				CLANG_ANALYZER_NUMBER_OBJECT_CONVERSION = YES_AGGRESSIVE;
				CLANG_CXX_LANGUAGE_STANDARD = "gnu++20";
				CLANG_ENABLE_MODULES = YES;
				CLANG_ENABLE_OBJC_ARC = YES;
				CLANG_ENABLE_OBJC_WEAK = YES;
				CLANG_WARN_BLOCK_CAPTURE_AUTORELEASING = YES;
				CLANG_WARN_BOOL_CONVERSION = YES;
				CLANG_WARN_COMMA = YES;
				CLANG_WARN_CONSTANT_CONVERSION = YES;
				CLANG_WARN_DEPRECATED_OBJC_IMPLEMENTATIONS = YES;
				CLANG_WARN_DIRECT_OBJC_ISA_USAGE = YES_ERROR;
				CLANG_WARN_DOCUMENTATION_COMMENTS = YES;
				CLANG_WARN_EMPTY_BODY = YES;
				CLANG_WARN_ENUM_CONVERSION = YES;
				CLANG_WARN_INFINITE_RECURSION = YES;
				CLANG_WARN_INT_CONVERSION = YES;
				CLANG_WARN_NON_LITERAL_NULL_CONVERSION = YES;
				CLANG_WARN_OBJC_IMPLICIT_RETAIN_SELF = YES;
				CLANG_WARN_OBJC_LITERAL_CONVERSION = YES;
				CLANG_WARN_OBJC_ROOT_CLASS = YES_ERROR;
				CLANG_WARN_QUOTED_INCLUDE_IN_FRAMEWORK_HEADER = YES;
				CLANG_WARN_RANGE_LOOP_ANALYSIS = YES;
				CLANG_WARN_STRICT_PROTOTYPES = YES;
				CLANG_WARN_SUSPICIOUS_MOVE = YES;
				CLANG_WARN_UNGUARDED_AVAILABILITY = YES_AGGRESSIVE;
				CLANG_WARN_UNREACHABLE_CODE = YES;
				CLANG_WARN__DUPLICATE_METHOD_MATCH = YES;
				COPY_PHASE_STRIP = NO;
				DEBUG_INFORMATION_FORMAT = "dwarf-with-dsym";
				ENABLE_NS_ASSERTIONS = NO;
				ENABLE_STRICT_OBJC_MSGSEND = YES;
				ENABLE_USER_SCRIPT_SANDBOXING = YES;
				GCC_C_LANGUAGE_STANDARD = gnu17;
				GCC_NO_COMMON_BLOCKS = YES;
				GCC_WARN_64_TO_32_BIT_CONVERSION = YES;
				GCC_WARN_ABOUT_RETURN_TYPE = YES_ERROR;
				GCC_WARN_UNDECLARED_SELECTOR = YES;
				GCC_WARN_UNINITIALIZED_AUTOS = YES_AGGRESSIVE;
				GCC_WARN_UNUSED_FUNCTION = YES;
				GCC_WARN_UNUSED_VARIABLE = YES;
				IPHONEOS_DEPLOYMENT_TARGET = 15.0;
				LOCALIZATION_PREFERS_STRING_CATALOGS = YES;
				MTL_ENABLE_DEBUG_INFO = NO;
				MTL_FAST_MATH = YES;
				SWIFT_COMPILATION_MODE = wholemodule;
			};
			name = Release;
		};
		A51F8DB72C8513A700E93584 /* Debug */ = {
			isa = XCBuildConfiguration;
			buildSettings = {
				ALWAYS_EMBED_SWIFT_STANDARD_LIBRARIES = YES;
				ASSETCATALOG_COMPILER_APPICON_NAME = AppIcon;
				ASSETCATALOG_COMPILER_GLOBAL_ACCENT_COLOR_NAME = AccentColor;
				CODE_SIGN_ENTITLEMENTS = ElectionDeflection/ElectionDeflection.entitlements;
				CODE_SIGN_STYLE = Automatic;
				CURRENT_PROJECT_VERSION = 28;
				DEVELOPMENT_ASSET_PATHS = "\"ElectionDeflection/Preview Content\"";
				DEVELOPMENT_TEAM = M966FGB957;
				ENABLE_HARDENED_RUNTIME = YES;
				ENABLE_PREVIEWS = YES;
				GENERATE_INFOPLIST_FILE = YES;
				INFOPLIST_KEY_CFBundleDisplayName = ElectionDeflection;
				INFOPLIST_KEY_LSApplicationCategoryType = "public.app-category.utilities";
				"INFOPLIST_KEY_UIApplicationSceneManifest_Generation[sdk=iphoneos*]" = YES;
				"INFOPLIST_KEY_UIApplicationSceneManifest_Generation[sdk=iphonesimulator*]" = YES;
				"INFOPLIST_KEY_UIApplicationSupportsIndirectInputEvents[sdk=iphoneos*]" = YES;
				"INFOPLIST_KEY_UIApplicationSupportsIndirectInputEvents[sdk=iphonesimulator*]" = YES;
				"INFOPLIST_KEY_UILaunchScreen_Generation[sdk=iphoneos*]" = YES;
				"INFOPLIST_KEY_UILaunchScreen_Generation[sdk=iphonesimulator*]" = YES;
				"INFOPLIST_KEY_UIStatusBarStyle[sdk=iphoneos*]" = UIStatusBarStyleDefault;
				"INFOPLIST_KEY_UIStatusBarStyle[sdk=iphonesimulator*]" = UIStatusBarStyleDefault;
				INFOPLIST_KEY_UISupportedInterfaceOrientations_iPad = "UIInterfaceOrientationPortrait UIInterfaceOrientationPortraitUpsideDown UIInterfaceOrientationLandscapeLeft UIInterfaceOrientationLandscapeRight";
				INFOPLIST_KEY_UISupportedInterfaceOrientations_iPhone = "UIInterfaceOrientationPortrait UIInterfaceOrientationLandscapeLeft UIInterfaceOrientationLandscapeRight";
				IPHONEOS_DEPLOYMENT_TARGET = 15.6;
				LD_RUNPATH_SEARCH_PATHS = "@executable_path/Frameworks";
				"LD_RUNPATH_SEARCH_PATHS[sdk=macosx*]" = "@executable_path/../Frameworks";
				MACOSX_DEPLOYMENT_TARGET = 14.5;
				MARKETING_VERSION = 1.23;
				PRODUCT_BUNDLE_IDENTIFIER = com.millermedia.ElectionDeflection;
				PRODUCT_NAME = "$(TARGET_NAME)";
				SDKROOT = auto;
				SUPPORTED_PLATFORMS = "iphoneos iphonesimulator";
				SUPPORTS_MACCATALYST = NO;
				SWIFT_EMIT_LOC_STRINGS = YES;
				SWIFT_VERSION = 5.0;
				TARGETED_DEVICE_FAMILY = 1;
			};
			name = Debug;
		};
		A51F8DB82C8513A700E93584 /* Release */ = {
			isa = XCBuildConfiguration;
			buildSettings = {
				ALWAYS_EMBED_SWIFT_STANDARD_LIBRARIES = YES;
				ASSETCATALOG_COMPILER_APPICON_NAME = AppIcon;
				ASSETCATALOG_COMPILER_GLOBAL_ACCENT_COLOR_NAME = AccentColor;
				CODE_SIGN_ENTITLEMENTS = ElectionDeflection/ElectionDeflection.entitlements;
				CODE_SIGN_STYLE = Automatic;
				CURRENT_PROJECT_VERSION = 28;
				DEVELOPMENT_ASSET_PATHS = "\"ElectionDeflection/Preview Content\"";
				DEVELOPMENT_TEAM = M966FGB957;
				ENABLE_HARDENED_RUNTIME = YES;
				ENABLE_PREVIEWS = YES;
				GENERATE_INFOPLIST_FILE = YES;
				INFOPLIST_KEY_CFBundleDisplayName = ElectionDeflection;
				INFOPLIST_KEY_LSApplicationCategoryType = "public.app-category.utilities";
				"INFOPLIST_KEY_UIApplicationSceneManifest_Generation[sdk=iphoneos*]" = YES;
				"INFOPLIST_KEY_UIApplicationSceneManifest_Generation[sdk=iphonesimulator*]" = YES;
				"INFOPLIST_KEY_UIApplicationSupportsIndirectInputEvents[sdk=iphoneos*]" = YES;
				"INFOPLIST_KEY_UIApplicationSupportsIndirectInputEvents[sdk=iphonesimulator*]" = YES;
				"INFOPLIST_KEY_UILaunchScreen_Generation[sdk=iphoneos*]" = YES;
				"INFOPLIST_KEY_UILaunchScreen_Generation[sdk=iphonesimulator*]" = YES;
				"INFOPLIST_KEY_UIStatusBarStyle[sdk=iphoneos*]" = UIStatusBarStyleDefault;
				"INFOPLIST_KEY_UIStatusBarStyle[sdk=iphonesimulator*]" = UIStatusBarStyleDefault;
				INFOPLIST_KEY_UISupportedInterfaceOrientations_iPad = "UIInterfaceOrientationPortrait UIInterfaceOrientationPortraitUpsideDown UIInterfaceOrientationLandscapeLeft UIInterfaceOrientationLandscapeRight";
				INFOPLIST_KEY_UISupportedInterfaceOrientations_iPhone = "UIInterfaceOrientationPortrait UIInterfaceOrientationLandscapeLeft UIInterfaceOrientationLandscapeRight";
				IPHONEOS_DEPLOYMENT_TARGET = 15.6;
				LD_RUNPATH_SEARCH_PATHS = "@executable_path/Frameworks";
				"LD_RUNPATH_SEARCH_PATHS[sdk=macosx*]" = "@executable_path/../Frameworks";
				MACOSX_DEPLOYMENT_TARGET = 14.5;
				MARKETING_VERSION = 1.23;
				PRODUCT_BUNDLE_IDENTIFIER = com.millermedia.ElectionDeflection;
				PRODUCT_NAME = "$(TARGET_NAME)";
				SDKROOT = auto;
				SUPPORTED_PLATFORMS = "iphoneos iphonesimulator";
				SUPPORTS_MACCATALYST = NO;
				SWIFT_EMIT_LOC_STRINGS = YES;
				SWIFT_VERSION = 5.0;
				TARGETED_DEVICE_FAMILY = 1;
			};
			name = Release;
		};
		A51F8DC62C85142500E93584 /* Debug */ = {
			isa = XCBuildConfiguration;
			buildSettings = {
				CODE_SIGN_ENTITLEMENTS = ElectionDeflectionFilter/ElectionDeflectionFilter.entitlements;
				CODE_SIGN_STYLE = Automatic;
				CURRENT_PROJECT_VERSION = 26;
				DEVELOPMENT_TEAM = M966FGB957;
				GENERATE_INFOPLIST_FILE = YES;
				INFOPLIST_FILE = ElectionDeflectionFilter/Info.plist;
				INFOPLIST_KEY_CFBundleDisplayName = ElectionDeflectionFilter;
				INFOPLIST_KEY_NSHumanReadableCopyright = "";
				IPHONEOS_DEPLOYMENT_TARGET = 15.6;
				LD_RUNPATH_SEARCH_PATHS = (
					"$(inherited)",
					"@executable_path/Frameworks",
					"@executable_path/../../Frameworks",
				);
				MARKETING_VERSION = 1.21;
				PRODUCT_BUNDLE_IDENTIFIER = com.millermedia.ElectionDeflection.ElectionDeflectionFilter;
				PRODUCT_NAME = "$(TARGET_NAME)";
				SDKROOT = iphoneos;
				SKIP_INSTALL = YES;
				SUPPORTED_PLATFORMS = "iphoneos iphonesimulator";
				SUPPORTS_MACCATALYST = NO;
				SWIFT_EMIT_LOC_STRINGS = YES;
				SWIFT_VERSION = 5.0;
				TARGETED_DEVICE_FAMILY = 1;
			};
			name = Debug;
		};
		A51F8DC72C85142500E93584 /* Release */ = {
			isa = XCBuildConfiguration;
			buildSettings = {
				CODE_SIGN_ENTITLEMENTS = ElectionDeflectionFilter/ElectionDeflectionFilter.entitlements;
				CODE_SIGN_STYLE = Automatic;
				CURRENT_PROJECT_VERSION = 26;
				DEVELOPMENT_TEAM = M966FGB957;
				GENERATE_INFOPLIST_FILE = YES;
				INFOPLIST_FILE = ElectionDeflectionFilter/Info.plist;
				INFOPLIST_KEY_CFBundleDisplayName = ElectionDeflectionFilter;
				INFOPLIST_KEY_NSHumanReadableCopyright = "";
				IPHONEOS_DEPLOYMENT_TARGET = 15.6;
				LD_RUNPATH_SEARCH_PATHS = (
					"$(inherited)",
					"@executable_path/Frameworks",
					"@executable_path/../../Frameworks",
				);
				MARKETING_VERSION = 1.21;
				PRODUCT_BUNDLE_IDENTIFIER = com.millermedia.ElectionDeflection.ElectionDeflectionFilter;
				PRODUCT_NAME = "$(TARGET_NAME)";
				SDKROOT = iphoneos;
				SKIP_INSTALL = YES;
				SUPPORTED_PLATFORMS = "iphoneos iphonesimulator";
				SUPPORTS_MACCATALYST = NO;
				SWIFT_EMIT_LOC_STRINGS = YES;
				SWIFT_VERSION = 5.0;
				TARGETED_DEVICE_FAMILY = 1;
				VALIDATE_PRODUCT = YES;
			};
			name = Release;
		};
/* End XCBuildConfiguration section */

/* Begin XCConfigurationList section */
		A51F8DA22C8513A400E93584 /* Build configuration list for PBXProject "ElectionDeflection" */ = {
			isa = XCConfigurationList;
			buildConfigurations = (
				A51F8DB42C8513A700E93584 /* Debug */,
				A51F8DB52C8513A700E93584 /* Release */,
			);
			defaultConfigurationIsVisible = 0;
			defaultConfigurationName = Release;
		};
		A51F8DB62C8513A700E93584 /* Build configuration list for PBXNativeTarget "ElectionDeflection" */ = {
			isa = XCConfigurationList;
			buildConfigurations = (
				A51F8DB72C8513A700E93584 /* Debug */,
				A51F8DB82C8513A700E93584 /* Release */,
			);
			defaultConfigurationIsVisible = 0;
			defaultConfigurationName = Release;
		};
		A51F8DC52C85142500E93584 /* Build configuration list for PBXNativeTarget "ElectionDeflectionFilter" */ = {
			isa = XCConfigurationList;
			buildConfigurations = (
				A51F8DC62C85142500E93584 /* Debug */,
				A51F8DC72C85142500E93584 /* Release */,
			);
			defaultConfigurationIsVisible = 0;
			defaultConfigurationName = Release;
		};
/* End XCConfigurationList section */
	};
	rootObject = A51F8D9F2C8513A400E93584 /* Project object */;
}
